
Microsoft Visual Studio Solution File, Format Version 11.00
# Visual Studio 2010
Project("{E24C65DC-7377-472B-9ABA-BC803B73C61A}") = "asp cimdr hostel", "..\..\..\..\Desktop\asp cimdr hostel\", "{ACF7B5AD-60B1-49A2-A4D7-BF18B4CDBEFF}"
	ProjectSection(WebsiteProperties) = preProject
		TargetFrameworkMoniker = ".NETFramework,Version%3Dv4.0"
		Debug.AspNetCompiler.VirtualPath = "/asp cimdr hostel"
		Debug.AspNetCompiler.PhysicalPath = "..\..\..\..\Desktop\asp cimdr hostel\"
		Debug.AspNetCompiler.TargetPath = "PrecompiledWeb\asp cimdr hostel\"
		Debug.AspNetCompiler.Updateable = "true"
		Debug.AspNetCompiler.ForceOverwrite = "true"
		Debug.AspNetCompiler.FixedNames = "false"
		Debug.AspNetCompiler.Debug = "True"
		Release.AspNetCompiler.VirtualPath = "/asp cimdr hostel"
		Release.AspNetCompiler.PhysicalPath = "..\..\..\..\Desktop\asp cimdr hostel\"
		Release.AspNetCompiler.TargetPath = "PrecompiledWeb\asp cimdr hostel\"
		Release.AspNetCompiler.Updateable = "true"
		Release.AspNetCompiler.ForceOverwrite = "true"
		Release.AspNetCompiler.FixedNames = "false"
		Release.AspNetCompiler.Debug = "False"
		VWDPort = "62695"
		DefaultWebSiteLanguage = "Visual C#"
	EndProjectSection
EndProject
Global
	GlobalSection(SolutionConfigurationPlatforms) = preSolution
		Debug|Any CPU = Debug|Any CPU
	EndGlobalSection
	GlobalSection(ProjectConfigurationPlatforms) = postSolution
		{ACF7B5AD-60B1-49A2-A4D7-BF18B4CDBEFF}.Debug|Any CPU.ActiveCfg = Debug|Any CPU
		{ACF7B5AD-60B1-49A2-A4D7-BF18B4CDBEFF}.Debug|Any CPU.Build.0 = Debug|Any CPU
	EndGlobalSection
	GlobalSection(SolutionProperties) = preSolution
		HideSolutionNode = FALSE
	EndGlobalSection
EndGlobal
