
Microsoft Visual Studio Solution File, Format Version 11.00
# Visual Studio 2010
Project("{FAE04EC0-301F-11D3-BF4B-00C04F79EFBC}") = "add_to_cart", "add_to_cart\add_to_cart.csproj", "{023CAA92-B89E-4651-B0C9-B53CEE274382}"
EndProject
Global
	GlobalSection(SolutionConfigurationPlatforms) = preSolution
		Debug|Any CPU = Debug|Any CPU
		Release|Any CPU = Release|Any CPU
	EndGlobalSection
	GlobalSection(ProjectConfigurationPlatforms) = postSolution
		{023CAA92-B89E-4651-B0C9-B53CEE274382}.Debug|Any CPU.ActiveCfg = Debug|Any CPU
		{023CAA92-B89E-4651-B0C9-B53CEE274382}.Debug|Any CPU.Build.0 = Debug|Any CPU
		{023CAA92-B89E-4651-B0C9-B53CEE274382}.Release|Any CPU.ActiveCfg = Release|Any CPU
		{023CAA92-B89E-4651-B0C9-B53CEE274382}.Release|Any CPU.Build.0 = Release|Any CPU
	EndGlobalSection
	GlobalSection(SolutionProperties) = preSolution
		HideSolutionNode = FALSE
	EndGlobalSection
EndGlobal
